// !$*UTF8*$!
{
	archiveVersion = 1;
	classes = {
	};
	objectVersion = 56;
	objects = {

/* Begin PBXBuildFile section */
		07B1CCA82F98D54F00C54FBD /* AppDelegate.swift in Sources */ = {isa = PBXBuildFile; fileRef = 07B1CCA72F98D54F00C54FBD /* AppDelegate.swift */; };
		07B1CCAA2F98D54F00C54FBD /* GameScene.sks in Resources */ = {isa = PBXBuildFile; fileRef = 07B1CCA92F98D54F00C54FBD /* GameScene.sks */; };
		07B1CCAC2F98D54F00C54FBD /* Actions.sks in Resources */ = {isa = PBXBuildFile; fileRef = 07B1CCAB2F98D54F00C54FBD /* Actions.sks */; };
		07B1CCAE2F98D54F00C54FBD /* GameScene.swift in Sources */ = {isa = PBXBuildFile; fileRef = 07B1CCAD2F98D54F00C54FBD /* GameScene.swift */; };
		07B1CCB02F98D54F00C54FBD /* GameViewController.swift in Sources */ = {isa = PBXBuildFile; fileRef = 07B1CCAF2F98D54F00C54FBD /* GameViewController.swift */; };
		07B1CCBC2F9A7B2E00C54FBD /* PlayerDrone.swift in Sources */ = {isa = PBXBuildFile; fileRef = 07B1CCBB2F9A7B2E00C54FBD /* PlayerDrone.swift */; };
		07B1CCBE2F9A7D1B00C54FBD /* CoreBase.swift in Sources */ = {isa = PBXBuildFile; fileRef = 07B1CCBD2F9A7D1B00C54FBD /* CoreBase.swift */; };
		07B1CCBF2FA004A600C54FBD /* PhysicsCategory.swift in Sources */ = {isa = PBXBuildFile; fileRef = 07B1CCB02FA004A600C54FBD /* PhysicsCategory.swift */; };
		07B1CCC12FA0051100C54FBD /* Enemy.swift in Sources */ = {isa = PBXBuildFile; fileRef = 07B1CCC02FA0051100C54FBD /* Enemy.swift */; };
		07B1CCC32FA0051A00C54FBD /* WaveManager.swift in Sources */ = {isa = PBXBuildFile; fileRef = 07B1CCC22FA0051A00C54FBD /* WaveManager.swift */; };
		07B1CCC52FA1051A00C54FBD /* Pickup.swift in Sources */ = {isa = PBXBuildFile; fileRef = 07B1CCC42FA1051A00C54FBD /* Pickup.swift */; };
		07B1CCC72FA1061A00C54FBD /* Tower.swift in Sources */ = {isa = PBXBuildFile; fileRef = 07B1CCC62FA1061A00C54FBD /* Tower.swift */; };
		07B1CCB32F98D54F00C54FBD /* Main.storyboard in Resources */ = {isa = PBXBuildFile; fileRef = 07B1CCB12F98D54F00C54FBD /* Main.storyboard */; };
		07B1CCB52F98D55000C54FBD /* Assets.xcassets in Resources */ = {isa = PBXBuildFile; fileRef = 07B1CCB42F98D55000C54FBD /* Assets.xcassets */; };
		07B1CCB82F98D55000C54FBD /* LaunchScreen.storyboard in Resources */ = {isa = PBXBuildFile; fileRef = 07B1CCB62F98D55000C54FBD /* LaunchScreen.storyboard */; };
		07B1CCC82FA2061A00C54FBD /* WaveRounds.json in Resources */ = {isa = PBXBuildFile; fileRef = 07B1CCC92FA2061A00C54FBD /* WaveRounds.json */; };
		07B1CCCA2FA2061A00C54FBD /* EnemyProfiles.json in Resources */ = {isa = PBXBuildFile; fileRef = 07B1CCCB2FA2061A00C54FBD /* EnemyProfiles.json */; };
/* End PBXBuildFile section */

/* Begin PBXFileReference section */
		07B1CCA42F98D54F00C54FBD /* Gryo_Sentry.app */ = {isa = PBXFileReference; explicitFileType = wrapper.application; includeInIndex = 0; path = Gryo_Sentry.app; sourceTree = BUILT_PRODUCTS_DIR; };
		07B1CCA72F98D54F00C54FBD /* AppDelegate.swift */ = {isa = PBXFileReference; lastKnownFileType = sourcecode.swift; path = AppDelegate.swift; sourceTree = "<group>"; };
		07B1CCA92F98D54F00C54FBD /* GameScene.sks */ = {isa = PBXFileReference; lastKnownFileType = file.sks; path = GameScene.sks; sourceTree = "<group>"; };
		07B1CCAB2F98D54F00C54FBD /* Actions.sks */ = {isa = PBXFileReference; lastKnownFileType = file.sks; path = Actions.sks; sourceTree = "<group>"; };
		07B1CCAD2F98D54F00C54FBD /* GameScene.swift */ = {isa = PBXFileReference; lastKnownFileType = sourcecode.swift; path = GameScene.swift; sourceTree = "<group>"; };
		07B1CCAF2F98D54F00C54FBD /* GameViewController.swift */ = {isa = PBXFileReference; lastKnownFileType = sourcecode.swift; path = GameViewController.swift; sourceTree = "<group>"; };
		07B1CCBB2F9A7B2E00C54FBD /* PlayerDrone.swift */ = {isa = PBXFileReference; lastKnownFileType = sourcecode.swift; path = PlayerDrone.swift; sourceTree = "<group>"; };
		07B1CCBD2F9A7D1B00C54FBD /* CoreBase.swift */ = {isa = PBXFileReference; lastKnownFileType = sourcecode.swift; path = CoreBase.swift; sourceTree = "<group>"; };
		07B1CCB02FA004A600C54FBD /* PhysicsCategory.swift */ = {isa = PBXFileReference; lastKnownFileType = sourcecode.swift; path = PhysicsCategory.swift; sourceTree = "<group>"; };
		07B1CCC02FA0051100C54FBD /* Enemy.swift */ = {isa = PBXFileReference; lastKnownFileType = sourcecode.swift; path = Enemy.swift; sourceTree = "<group>"; };
		07B1CCC22FA0051A00C54FBD /* WaveManager.swift */ = {isa = PBXFileReference; lastKnownFileType = sourcecode.swift; path = WaveManager.swift; sourceTree = "<group>"; };
		07B1CCC42FA1051A00C54FBD /* Pickup.swift */ = {isa = PBXFileReference; lastKnownFileType = sourcecode.swift; path = Pickup.swift; sourceTree = "<group>"; };
		07B1CCC62FA1061A00C54FBD /* Tower.swift */ = {isa = PBXFileReference; lastKnownFileType = sourcecode.swift; path = Tower.swift; sourceTree = "<group>"; };
		07B1CCB22F98D54F00C54FBD /* Base */ = {isa = PBXFileReference; lastKnownFileType = file.storyboard; name = Base; path = Base.lproj/Main.storyboard; sourceTree = "<group>"; };
		07B1CCB42F98D55000C54FBD /* Assets.xcassets */ = {isa = PBXFileReference; lastKnownFileType = folder.assetcatalog; path = Assets.xcassets; sourceTree = "<group>"; };
		07B1CCB72F98D55000C54FBD /* Base */ = {isa = PBXFileReference; lastKnownFileType = file.storyboard; name = Base; path = Base.lproj/LaunchScreen.storyboard; sourceTree = "<group>"; };
		07B1CCC92FA2061A00C54FBD /* WaveRounds.json */ = {isa = PBXFileReference; lastKnownFileType = text.json; path = WaveRounds.json; sourceTree = "<group>"; };
		07B1CCCB2FA2061A00C54FBD /* EnemyProfiles.json */ = {isa = PBXFileReference; lastKnownFileType = text.json; path = EnemyProfiles.json; sourceTree = "<group>"; };
/* End PBXFileReference section */

/* Begin PBXFrameworksBuildPhase section */
		07B1CCA12F98D54F00C54FBD /* Frameworks */ = {
			isa = PBXFrameworksBuildPhase;
			buildActionMask = 2147483647;
			files = (
			);
			runOnlyForDeploymentPostprocessing = 0;
		};
/* End PBXFrameworksBuildPhase section */

/* Begin PBXGroup section */
		07B1CC9B2F98D54F00C54FBD = {
			isa = PBXGroup;
			children = (
				07B1CCA62F98D54F00C54FBD /* Gryo_Sentry */,
				07B1CCA52F98D54F00C54FBD /* Products */,
			);
			sourceTree = "<group>";
		};
		07B1CCA52F98D54F00C54FBD /* Products */ = {
			isa = PBXGroup;
			children = (
				07B1CCA42F98D54F00C54FBD /* Gryo_Sentry.app */,
			);
			name = Products;
			sourceTree = "<group>";
		};
		07B1CCA62F98D54F00C54FBD /* Gryo_Sentry */ = {
			isa = PBXGroup;
			children = (
				07B1CCA72F98D54F00C54FBD /* AppDelegate.swift */,
				07B1CCA92F98D54F00C54FBD /* GameScene.sks */,
				07B1CCAB2F98D54F00C54FBD /* Actions.sks */,
				07B1CCAD2F98D54F00C54FBD /* GameScene.swift */,
				07B1CCAF2F98D54F00C54FBD /* GameViewController.swift */,
				07B1CCBB2F9A7B2E00C54FBD /* PlayerDrone.swift */,
				07B1CCBD2F9A7D1B00C54FBD /* CoreBase.swift */,
				07B1CCB02FA004A600C54FBD /* PhysicsCategory.swift */,
				07B1CCC02FA0051100C54FBD /* Enemy.swift */,
				07B1CCC22FA0051A00C54FBD /* WaveManager.swift */,
				07B1CCC42FA1051A00C54FBD /* Pickup.swift */,
				07B1CCC62FA1061A00C54FBD /* Tower.swift */,
				07B1CCC92FA2061A00C54FBD /* WaveRounds.json */,
				07B1CCCB2FA2061A00C54FBD /* EnemyProfiles.json */,
				07B1CCB12F98D54F00C54FBD /* Main.storyboard */,
				07B1CCB42F98D55000C54FBD /* Assets.xcassets */,
				07B1CCB62F98D55000C54FBD /* LaunchScreen.storyboard */,
			);
			path = Gryo_Sentry;
			sourceTree = "<group>";
		};
/* End PBXGroup section */

/* Begin PBXNativeTarget section */
		07B1CCA32F98D54F00C54FBD /* Gryo_Sentry */ = {
			isa = PBXNativeTarget;
			buildConfigurationList = 07B1CCBB2F98D55000C54FBD /* Build configuration list for PBXNativeTarget "Gryo_Sentry" */;
			buildPhases = (
				07B1CCA02F98D54F00C54FBD /* Sources */,
				07B1CCA12F98D54F00C54FBD /* Frameworks */,
				07B1CCA22F98D54F00C54FBD /* Resources */,
			);
			buildRules = (
			);
			dependencies = (
			);
			name = Gryo_Sentry;
			productName = Gryo_Sentry;
			productReference = 07B1CCA42F98D54F00C54FBD /* Gryo_Sentry.app */;
			productType = "com.apple.product-type.application";
		};
/* End PBXNativeTarget section */

/* Begin PBXProject section */
		07B1CC9C2F98D54F00C54FBD /* Project object */ = {
			isa = PBXProject;
			attributes = {
				BuildIndependentTargetsInParallel = 1;
				LastSwiftUpdateCheck = 1420;
				LastUpgradeCheck = 1420;
				TargetAttributes = {
					07B1CCA32F98D54F00C54FBD = {
						CreatedOnToolsVersion = 14.2;
					};
				};
			};
			buildConfigurationList = 07B1CC9F2F98D54F00C54FBD /* Build configuration list for PBXProject "Gryo_Sentry" */;
			compatibilityVersion = "Xcode 14.0";
			developmentRegion = en;
			hasScannedForEncodings = 0;
			knownRegions = (
				en,
				Base,
			);
			mainGroup = 07B1CC9B2F98D54F00C54FBD;
			productRefGroup = 07B1CCA52F98D54F00C54FBD /* Products */;
			projectDirPath = "";
			projectRoot = "";
			targets = (
				07B1CCA32F98D54F00C54FBD /* Gryo_Sentry */,
			);
		};
/* End PBXProject section */

/* Begin PBXResourcesBuildPhase section */
		07B1CCA22F98D54F00C54FBD /* Resources */ = {
			isa = PBXResourcesBuildPhase;
			buildActionMask = 2147483647;
			files = (
				07B1CCB32F98D54F00C54FBD /* Main.storyboard in Resources */,
				07B1CCAA2F98D54F00C54FBD /* GameScene.sks in Resources */,
				07B1CCB52F98D55000C54FBD /* Assets.xcassets in Resources */,
				07B1CCB82F98D55000C54FBD /* LaunchScreen.storyboard in Resources */,
				07B1CCAC2F98D54F00C54FBD /* Actions.sks in Resources */,
				07B1CCC82FA2061A00C54FBD /* WaveRounds.json in Resources */,
				07B1CCCA2FA2061A00C54FBD /* EnemyProfiles.json in Resources */,
			);
			runOnlyForDeploymentPostprocessing = 0;
		};
/* End PBXResourcesBuildPhase section */

/* Begin PBXSourcesBuildPhase section */
		07B1CCA02F98D54F00C54FBD /* Sources */ = {
			isa = PBXSourcesBuildPhase;
			buildActionMask = 2147483647;
			files = (
				07B1CCAE2F98D54F00C54FBD /* GameScene.swift in Sources */,
				07B1CCB02F98D54F00C54FBD /* GameViewController.swift in Sources */,
				07B1CCA82F98D54F00C54FBD /* AppDelegate.swift in Sources */,
				07B1CCBC2F9A7B2E00C54FBD /* PlayerDrone.swift in Sources */,
				07B1CCBE2F9A7D1B00C54FBD /* CoreBase.swift in Sources */,
				07B1CCBF2FA004A600C54FBD /* PhysicsCategory.swift in Sources */,
				07B1CCC12FA0051100C54FBD /* Enemy.swift in Sources */,
				07B1CCC32FA0051A00C54FBD /* WaveManager.swift in Sources */,
				07B1CCC52FA1051A00C54FBD /* Pickup.swift in Sources */,
				07B1CCC72FA1061A00C54FBD /* Tower.swift in Sources */,
			);
			runOnlyForDeploymentPostprocessing = 0;
		};
/* End PBXSourcesBuildPhase section */

/* Begin PBXVariantGroup section */
		07B1CCB12F98D54F00C54FBD /* Main.storyboard */ = {
			isa = PBXVariantGroup;
			children = (
				07B1CCB22F98D54F00C54FBD /* Base */,
			);
			name = Main.storyboard;
			sourceTree = "<group>";
		};
		07B1CCB62F98D55000C54FBD /* LaunchScreen.storyboard */ = {
			isa = PBXVariantGroup;
			children = (
				07B1CCB72F98D55000C54FBD /* Base */,
			);
			name = LaunchScreen.storyboard;
			sourceTree = "<group>";
		};
/* End PBXVariantGroup section */

/* Begin XCBuildConfiguration section */
		07B1CCB92F98D55000C54FBD /* Debug */ = {
			isa = XCBuildConfiguration;
			buildSettings = {
				ALWAYS_SEARCH_USER_PATHS = NO;
				CLANG_ANALYZER_NONNULL = YES;
				CLANG_ANALYZER_NUMBER_OBJECT_CONVERSION = YES_AGGRESSIVE;
				CLANG_CXX_LANGUAGE_STANDARD = "gnu++20";
				CLANG_ENABLE_MODULES = YES;
				CLANG_ENABLE_OBJC_ARC = YES;
				CLANG_ENABLE_OBJC_WEAK = YES;
				CLANG_WARN_BLOCK_CAPTURE_AUTORELEASING = YES;
				CLANG_WARN_BOOL_CONVERSION = YES;
				CLANG_WARN_COMMA = YES;
				CLANG_WARN_CONSTANT_CONVERSION = YES;
				CLANG_WARN_DEPRECATED_OBJC_IMPLEMENTATIONS = YES;
				CLANG_WARN_DIRECT_OBJC_ISA_USAGE = YES_ERROR;
				CLANG_WARN_DOCUMENTATION_COMMENTS = YES;
				CLANG_WARN_EMPTY_BODY = YES;
				CLANG_WARN_ENUM_CONVERSION = YES;
				CLANG_WARN_INFINITE_RECURSION = YES;
				CLANG_WARN_INT_CONVERSION = YES;
				CLANG_WARN_NON_LITERAL_NULL_CONVERSION = YES;
				CLANG_WARN_OBJC_IMPLICIT_RETAIN_SELF = YES;
				CLANG_WARN_OBJC_LITERAL_CONVERSION = YES;
				CLANG_WARN_OBJC_ROOT_CLASS = YES_ERROR;
				CLANG_WARN_QUOTED_INCLUDE_IN_FRAMEWORK_HEADER = YES;
				CLANG_WARN_RANGE_LOOP_ANALYSIS = YES;
				CLANG_WARN_STRICT_PROTOTYPES = YES;
				CLANG_WARN_SUSPICIOUS_MOVE = YES;
				CLANG_WARN_UNGUARDED_AVAILABILITY = YES_AGGRESSIVE;
				CLANG_WARN_UNREACHABLE_CODE = YES;
				CLANG_WARN__DUPLICATE_METHOD_MATCH = YES;
				COPY_PHASE_STRIP = NO;
				DEBUG_INFORMATION_FORMAT = dwarf;
				ENABLE_STRICT_OBJC_MSGSEND = YES;
				ENABLE_TESTABILITY = YES;
				GCC_C_LANGUAGE_STANDARD = gnu11;
				GCC_DYNAMIC_NO_PIC = NO;
				GCC_NO_COMMON_BLOCKS = YES;
				GCC_OPTIMIZATION_LEVEL = 0;
				GCC_PREPROCESSOR_DEFINITIONS = (
					"DEBUG=1",
					"$(inherited)",
				);
				GCC_WARN_64_TO_32_BIT_CONVERSION = YES;
				GCC_WARN_ABOUT_RETURN_TYPE = YES_ERROR;
				GCC_WARN_UNDECLARED_SELECTOR = YES;
				GCC_WARN_UNINITIALIZED_AUTOS = YES_AGGRESSIVE;
				GCC_WARN_UNUSED_FUNCTION = YES;
				GCC_WARN_UNUSED_VARIABLE = YES;
				IPHONEOS_DEPLOYMENT_TARGET = 16.2;
				MTL_ENABLE_DEBUG_INFO = INCLUDE_SOURCE;
				MTL_FAST_MATH = YES;
				ONLY_ACTIVE_ARCH = YES;
				SDKROOT = iphoneos;
				SWIFT_ACTIVE_COMPILATION_CONDITIONS = DEBUG;
				SWIFT_OPTIMIZATION_LEVEL = "-Onone";
			};
			name = Debug;
		};
		07B1CCBA2F98D55000C54FBD /* Release */ = {
			isa = XCBuildConfiguration;
			buildSettings = {
				ALWAYS_SEARCH_USER_PATHS = NO;
				CLANG_ANALYZER_NONNULL = YES;
				CLANG_ANALYZER_NUMBER_OBJECT_CONVERSION = YES_AGGRESSIVE;
				CLANG_CXX_LANGUAGE_STANDARD = "gnu++20";
				CLANG_ENABLE_MODULES = YES;
				CLANG_ENABLE_OBJC_ARC = YES;
				CLANG_ENABLE_OBJC_WEAK = YES;
				CLANG_WARN_BLOCK_CAPTURE_AUTORELEASING = YES;
				CLANG_WARN_BOOL_CONVERSION = YES;
				CLANG_WARN_COMMA = YES;
				CLANG_WARN_CONSTANT_CONVERSION = YES;
				CLANG_WARN_DEPRECATED_OBJC_IMPLEMENTATIONS = YES;
				CLANG_WARN_DIRECT_OBJC_ISA_USAGE = YES_ERROR;
				CLANG_WARN_DOCUMENTATION_COMMENTS = YES;
				CLANG_WARN_EMPTY_BODY = YES;
				CLANG_WARN_ENUM_CONVERSION = YES;
				CLANG_WARN_INFINITE_RECURSION = YES;
				CLANG_WARN_INT_CONVERSION = YES;
				CLANG_WARN_NON_LITERAL_NULL_CONVERSION = YES;
				CLANG_WARN_OBJC_IMPLICIT_RETAIN_SELF = YES;
				CLANG_WARN_OBJC_LITERAL_CONVERSION = YES;
				CLANG_WARN_OBJC_ROOT_CLASS = YES_ERROR;
				CLANG_WARN_QUOTED_INCLUDE_IN_FRAMEWORK_HEADER = YES;
				CLANG_WARN_RANGE_LOOP_ANALYSIS = YES;
				CLANG_WARN_STRICT_PROTOTYPES = YES;
				CLANG_WARN_SUSPICIOUS_MOVE = YES;
				CLANG_WARN_UNGUARDED_AVAILABILITY = YES_AGGRESSIVE;
				CLANG_WARN_UNREACHABLE_CODE = YES;
				CLANG_WARN__DUPLICATE_METHOD_MATCH = YES;
				COPY_PHASE_STRIP = NO;
				DEBUG_INFORMATION_FORMAT = "dwarf-with-dsym";
				ENABLE_NS_ASSERTIONS = NO;
				ENABLE_STRICT_OBJC_MSGSEND = YES;
				GCC_C_LANGUAGE_STANDARD = gnu11;
				GCC_NO_COMMON_BLOCKS = YES;
				GCC_WARN_64_TO_32_BIT_CONVERSION = YES;
				GCC_WARN_ABOUT_RETURN_TYPE = YES_ERROR;
				GCC_WARN_UNDECLARED_SELECTOR = YES;
				GCC_WARN_UNINITIALIZED_AUTOS = YES_AGGRESSIVE;
				GCC_WARN_UNUSED_FUNCTION = YES;
				GCC_WARN_UNUSED_VARIABLE = YES;
				IPHONEOS_DEPLOYMENT_TARGET = 16.2;
				MTL_ENABLE_DEBUG_INFO = NO;
				MTL_FAST_MATH = YES;
				SDKROOT = iphoneos;
				SWIFT_COMPILATION_MODE = wholemodule;
				SWIFT_OPTIMIZATION_LEVEL = "-O";
				VALIDATE_PRODUCT = YES;
			};
			name = Release;
		};
		07B1CCBC2F98D55000C54FBD /* Debug */ = {
			isa = XCBuildConfiguration;
			buildSettings = {
				ASSETCATALOG_COMPILER_APPICON_NAME = AppIcon;
				ASSETCATALOG_COMPILER_GLOBAL_ACCENT_COLOR_NAME = AccentColor;
				CODE_SIGN_STYLE = Automatic;
				CURRENT_PROJECT_VERSION = 1;
				GENERATE_INFOPLIST_FILE = YES;
				INFOPLIST_KEY_UIApplicationSupportsIndirectInputEvents = YES;
				INFOPLIST_KEY_UILaunchStoryboardName = LaunchScreen;
				INFOPLIST_KEY_UIMainStoryboardFile = Main;
				INFOPLIST_KEY_UIStatusBarHidden = YES;
				INFOPLIST_KEY_UISupportedInterfaceOrientations_iPad = "UIInterfaceOrientationPortrait UIInterfaceOrientationPortraitUpsideDown UIInterfaceOrientationLandscapeLeft UIInterfaceOrientationLandscapeRight";
				INFOPLIST_KEY_UISupportedInterfaceOrientations_iPhone = "UIInterfaceOrientationPortrait UIInterfaceOrientationLandscapeLeft UIInterfaceOrientationLandscapeRight";
				LD_RUNPATH_SEARCH_PATHS = (
					"$(inherited)",
					"@executable_path/Frameworks",
				);
				MARKETING_VERSION = 1.0;
				PRODUCT_BUNDLE_IDENTIFIER = "aula.Gryo-Sentry";
				PRODUCT_NAME = "$(TARGET_NAME)";
				SWIFT_EMIT_LOC_STRINGS = YES;
				SWIFT_VERSION = 5.0;
				TARGETED_DEVICE_FAMILY = "1,2";
			};
			name = Debug;
		};
		07B1CCBD2F98D55000C54FBD /* Release */ = {
			isa = XCBuildConfiguration;
			buildSettings = {
				ASSETCATALOG_COMPILER_APPICON_NAME = AppIcon;
				ASSETCATALOG_COMPILER_GLOBAL_ACCENT_COLOR_NAME = AccentColor;
				CODE_SIGN_STYLE = Automatic;
				CURRENT_PROJECT_VERSION = 1;
				GENERATE_INFOPLIST_FILE = YES;
				INFOPLIST_KEY_UIApplicationSupportsIndirectInputEvents = YES;
				INFOPLIST_KEY_UILaunchStoryboardName = LaunchScreen;
				INFOPLIST_KEY_UIMainStoryboardFile = Main;
				INFOPLIST_KEY_UIStatusBarHidden = YES;
				INFOPLIST_KEY_UISupportedInterfaceOrientations_iPad = "UIInterfaceOrientationPortrait UIInterfaceOrientationPortraitUpsideDown UIInterfaceOrientationLandscapeLeft UIInterfaceOrientationLandscapeRight";
				INFOPLIST_KEY_UISupportedInterfaceOrientations_iPhone = "UIInterfaceOrientationPortrait UIInterfaceOrientationLandscapeLeft UIInterfaceOrientationLandscapeRight";
				LD_RUNPATH_SEARCH_PATHS = (
					"$(inherited)",
					"@executable_path/Frameworks",
				);
				MARKETING_VERSION = 1.0;
				PRODUCT_BUNDLE_IDENTIFIER = "aula.Gryo-Sentry";
				PRODUCT_NAME = "$(TARGET_NAME)";
				SWIFT_EMIT_LOC_STRINGS = YES;
				SWIFT_VERSION = 5.0;
				TARGETED_DEVICE_FAMILY = "1,2";
			};
			name = Release;
		};
/* End XCBuildConfiguration section */

/* Begin XCConfigurationList section */
		07B1CC9F2F98D54F00C54FBD /* Build configuration list for PBXProject "Gryo_Sentry" */ = {
			isa = XCConfigurationList;
			buildConfigurations = (
				07B1CCB92F98D55000C54FBD /* Debug */,
				07B1CCBA2F98D55000C54FBD /* Release */,
			);
			defaultConfigurationIsVisible = 0;
			defaultConfigurationName = Release;
		};
		07B1CCBB2F98D55000C54FBD /* Build configuration list for PBXNativeTarget "Gryo_Sentry" */ = {
			isa = XCConfigurationList;
			buildConfigurations = (
				07B1CCBC2F98D55000C54FBD /* Debug */,
				07B1CCBD2F98D55000C54FBD /* Release */,
			);
			defaultConfigurationIsVisible = 0;
			defaultConfigurationName = Release;
		};
/* End XCConfigurationList section */
	};
	rootObject = 07B1CC9C2F98D54F00C54FBD /* Project object */;
}
